
Microsoft Visual Studio Solution File, Format Version 12.00
# Visual Studio Version 17
VisualStudioVersion = 17.0.31903.59
MinimumVisualStudioVersion = 10.0.40219.1
Project("{FAE04EC0-301F-11D3-BF4B-00C04F79EFBC}") = "CodeCuisine", "CodeCuisine\CodeCuisine.csproj", "{5DB69392-97EB-4DAA-A4D0-8AEE37931C36}"
EndProject
Project("{FAE04EC0-301F-11D3-BF4B-00C04F79EFBC}") = "CodeCuisine.Tests.Snapshot", "CodeCuisine.Tests.Snapshot\CodeCuisine.Tests.Snapshot.csproj", "{1569A4DB-6085-4A62-98ED-0491D70ACC33}"
EndProject
Project("{2150E333-8FDC-42A3-9474-1A3956D46DE8}") = "Solution Items", "Solution Items", "{9B26EE98-3186-45FE-BE3F-5ED080B58AA6}"
	ProjectSection(SolutionItems) = preProject
		.editorconfig = .editorconfig
		CHANGELOG.md = CHANGELOG.md
		Directory.Build.props = Directory.Build.props
		README.md = README.md
		Directory.Packages.props = Directory.Packages.props
		.github\workflows\build.yml = .github\workflows\build.yml
		.github\workflows\codeql.yml = .github\workflows\codeql.yml
	EndProjectSection
EndProject
Global
	GlobalSection(SolutionConfigurationPlatforms) = preSolution
		Debug|Any CPU = Debug|Any CPU
		Release|Any CPU = Release|Any CPU
	EndGlobalSection
	GlobalSection(SolutionProperties) = preSolution
		HideSolutionNode = FALSE
	EndGlobalSection
	GlobalSection(ProjectConfigurationPlatforms) = postSolution
		{5DB69392-97EB-4DAA-A4D0-8AEE37931C36}.Debug|Any CPU.ActiveCfg = Debug|Any CPU
		{5DB69392-97EB-4DAA-A4D0-8AEE37931C36}.Debug|Any CPU.Build.0 = Debug|Any CPU
		{5DB69392-97EB-4DAA-A4D0-8AEE37931C36}.Release|Any CPU.ActiveCfg = Release|Any CPU
		{5DB69392-97EB-4DAA-A4D0-8AEE37931C36}.Release|Any CPU.Build.0 = Release|Any CPU
		{1569A4DB-6085-4A62-98ED-0491D70ACC33}.Debug|Any CPU.ActiveCfg = Debug|Any CPU
		{1569A4DB-6085-4A62-98ED-0491D70ACC33}.Debug|Any CPU.Build.0 = Debug|Any CPU
		{1569A4DB-6085-4A62-98ED-0491D70ACC33}.Release|Any CPU.ActiveCfg = Release|Any CPU
		{1569A4DB-6085-4A62-98ED-0491D70ACC33}.Release|Any CPU.Build.0 = Release|Any CPU
	EndGlobalSection
EndGlobal
